
Microsoft Visual Studio Solution File, Format Version 12.00
# Visual Studio Version 16
VisualStudioVersion = 16.0.33920.266
MinimumVisualStudioVersion = 10.0.40219.1
Project("{FAE04EC0-301F-11D3-BF4B-00C04F79EFBC}") = "Wpf_ProductionManagement", "Wpf_ProductionManagement\Wpf_ProductionManagement.csproj", "{E1699CD1-521A-4A1F-84B0-A8AB0E7BCB9A}"
EndProject
Global
	GlobalSection(SolutionConfigurationPlatforms) = preSolution
		Debug|Any CPU = Debug|Any CPU
		Release|Any CPU = Release|Any CPU
	EndGlobalSection
	GlobalSection(ProjectConfigurationPlatforms) = postSolution
		{E1699CD1-521A-4A1F-84B0-A8AB0E7BCB9A}.Debug|Any CPU.ActiveCfg = Debug|Any CPU
		{E1699CD1-521A-4A1F-84B0-A8AB0E7BCB9A}.Debug|Any CPU.Build.0 = Debug|Any CPU
		{E1699CD1-521A-4A1F-84B0-A8AB0E7BCB9A}.Release|Any CPU.ActiveCfg = Release|Any CPU
		{E1699CD1-521A-4A1F-84B0-A8AB0E7BCB9A}.Release|Any CPU.Build.0 = Release|Any CPU
	EndGlobalSection
	GlobalSection(SolutionProperties) = preSolution
		HideSolutionNode = FALSE
	EndGlobalSection
	GlobalSection(ExtensibilityGlobals) = postSolution
		SolutionGuid = {CE409B20-13D1-4162-B62F-06050EFD9606}
	EndGlobalSection
EndGlobal
